<?xml version="1.0" encoding="utf-8"?>
<Project ToolsVersion="4.0" xmlns="http://schemas.microsoft.com/developer/msbuild/2003">
  <ItemGroup>
    <Filter Include="Sources">
      <UniqueIdentifier>{4FC737F1-C7A5-4376-A066-2A32D752A2FF}</UniqueIdentifier>
      <Extensions>cpp;c;cc;cxx;def;odl;idl;hpj;bat;asm;asmx</Extensions>
    </Filter>
    <Filter Include="Sources\ADM">
      <UniqueIdentifier>{6313916b-bee6-4055-94b0-4a9307ddbe70}</UniqueIdentifier>
    </Filter>
    <Filter Include="Sources\Events">
      <UniqueIdentifier>{1c805fa6-c2f0-4267-ba7f-e51534ca4873}</UniqueIdentifier>
    </Filter>
    <Filter Include="Sources\HUD">
      <UniqueIdentifier>{4fd260c7-a5bb-4d28-9270-52f27aea421e}</UniqueIdentifier>
    </Filter>
    <Filter Include="Sources\Input">
      <UniqueIdentifier>{7ce94b6e-606d-43d0-9acc-385507292207}</UniqueIdentifier>
    </Filter>
    <Filter Include="Sources\Rendering">
      <UniqueIdentifier>{8fc4f206-571e-4e17-941e-fb1b44bf3de8}</UniqueIdentifier>
    </Filter>
    <Filter Include="Sources\VGUI">
      <UniqueIdentifier>{a73c4e2e-231b-4f60-9a75-0358d455ccb0}</UniqueIdentifier>
    </Filter>
    <Filter Include="Sources\Weapons">
      <UniqueIdentifier>{a46a0ff1-e7ad-43c4-afb8-6c93e71803a1}</UniqueIdentifier>
    </Filter>
    <Filter Include="Sources\PM_Shared">
      <UniqueIdentifier>{7d8ce8c9-fed8-42ee-9ba0-73d0fee6006a}</UniqueIdentifier>
    </Filter>
    <Filter Include="Sources\Public">
      <UniqueIdentifier>{c053705f-05f3-4d16-ab13-80bfa84cbe75}</UniqueIdentifier>
    </Filter>
    <Filter Include="Sources\Game">
      <UniqueIdentifier>{bd9d5958-4e67-4bff-bbd8-6ba6dfcdb720}</UniqueIdentifier>
    </Filter>
    <Filter Include="Sources\Game_Shared">
      <UniqueIdentifier>{83318ea3-5019-4d8a-a9f9-4922cdb1c9bb}</UniqueIdentifier>
    </Filter>
    <Filter Include="Sources\Common">
      <UniqueIdentifier>{6887a889-19a5-42f7-8af9-2af4b64cbf2b}</UniqueIdentifier>
    </Filter>
    <Filter Include="Sources\External">
      <UniqueIdentifier>{239b810d-31d6-4d9e-8d4f-da8afa7174f0}</UniqueIdentifier>
    </Filter>
    <Filter Include="Sources\External\imgui">
      <UniqueIdentifier>{84a0abbd-5b1c-474b-aae8-bc885255bc39}</UniqueIdentifier>
    </Filter>
    <Filter Include="Sources\External\imgui\examples">
      <UniqueIdentifier>{907ed3b0-c843-422a-96ba-86a663d95b41}</UniqueIdentifier>
    </Filter>
    <Filter Include="Shared">
      <UniqueIdentifier>{2f7ab7bb-0f34-486e-bb81-ad94478b12ef}</UniqueIdentifier>
    </Filter>
    <Filter Include="Shared\ADM">
      <UniqueIdentifier>{51b166a6-5e72-4649-b998-4e9790ef8ad9}</UniqueIdentifier>
    </Filter>
    <Filter Include="Sources\ADM\Physics">
      <UniqueIdentifier>{3e07d26a-70fd-437a-9687-9c5fe13cf0ad}</UniqueIdentifier>
    </Filter>
    <Filter Include="Shared\ADM\Physics">
      <UniqueIdentifier>{5f5a6baa-98fe-4141-95e8-d927023742ba}</UniqueIdentifier>
    </Filter>
    <Filter Include="Sources\ADM\Sound">
      <UniqueIdentifier>{42c1d61f-3db6-45b1-8ccc-88f4ba0147aa}</UniqueIdentifier>
    </Filter>
    <Filter Include="Sources\ADM\System">
      <UniqueIdentifier>{652e21ec-2837-442d-b80c-0fd1686091e0}</UniqueIdentifier>
    </Filter>
  </ItemGroup>
  <ItemGroup>
    <ClCompile Include="..\..\cl_dll\hl\hl_weapons.cpp">
      <Filter>Sources\Game</Filter>
    </ClCompile>
    <ClCompile Include="..\..\cl_dll\hl\hl_baseentity.cpp">
      <Filter>Sources\Game</Filter>
    </ClCompile>
    <ClCompile Include="..\..\cl_dll\hl\hl_events.cpp">
      <Filter>Sources\Game</Filter>
    </ClCompile>
    <ClCompile Include="..\..\cl_dll\hl\hl_objects.cpp">
      <Filter>Sources\Game</Filter>
    </ClCompile>
    <ClCompile Include="..\..\common\parsemsg.cpp">
      <Filter>Sources\Common</Filter>
    </ClCompile>
    <ClCompile Include="..\..\game_shared\vgui_checkbutton2.cpp">
      <Filter>Sources\Game_Shared</Filter>
    </ClCompile>
    <ClCompile Include="..\..\game_shared\vgui_grid.cpp">
      <Filter>Sources\Game_Shared</Filter>
    </ClCompile>
    <ClCompile Include="..\..\game_shared\vgui_helpers.cpp">
      <Filter>Sources\Game_Shared</Filter>
    </ClCompile>
    <ClCompile Include="..\..\game_shared\vgui_loadtga.cpp">
      <Filter>Sources\Game_Shared</Filter>
    </ClCompile>
    <ClCompile Include="..\..\game_shared\vgui_listbox.cpp">
      <Filter>Sources\Game_Shared</Filter>
    </ClCompile>
    <ClCompile Include="..\..\game_shared\voice_banmgr.cpp">
      <Filter>Sources\Game_Shared</Filter>
    </ClCompile>
    <ClCompile Include="..\..\game_shared\vgui_scrollbar2.cpp">
      <Filter>Sources\Game_Shared</Filter>
    </ClCompile>
    <ClCompile Include="..\..\game_shared\vgui_slider2.cpp">
      <Filter>Sources\Game_Shared</Filter>
    </ClCompile>
    <ClCompile Include="..\..\public\interface.cpp">
      <Filter>Sources\Public</Filter>
    </ClCompile>
    <ClCompile Include="..\..\pm_shared\pm_debug.cpp">
      <Filter>Sources\PM_Shared</Filter>
    </ClCompile>
    <ClCompile Include="..\..\pm_shared\pm_math.cpp">
      <Filter>Sources\PM_Shared</Filter>
    </ClCompile>
    <ClCompile Include="..\..\pm_shared\pm_shared.cpp">
      <Filter>Sources\PM_Shared</Filter>
    </ClCompile>
    <ClCompile Include="..\..\dlls\adm\AdmRenderer.cpp">
      <Filter>Sources\ADM</Filter>
    </ClCompile>
    <ClCompile Include="..\..\cl_dll\adm\AdmClientsideExtensions.cpp">
      <Filter>Sources\ADM</Filter>
    </ClCompile>
    <ClCompile Include="..\..\dlls\Weapons\Glock.cpp">
      <Filter>Sources\Weapons</Filter>
    </ClCompile>
    <ClCompile Include="..\..\dlls\Weapons\HandGrenade.cpp">
      <Filter>Sources\Weapons</Filter>
    </ClCompile>
    <ClCompile Include="..\..\dlls\Weapons\Hgun.cpp">
      <Filter>Sources\Weapons</Filter>
    </ClCompile>
    <ClCompile Include="..\..\dlls\Weapons\MP5.cpp">
      <Filter>Sources\Weapons</Filter>
    </ClCompile>
    <ClCompile Include="..\..\dlls\Weapons\Python.cpp">
      <Filter>Sources\Weapons</Filter>
    </ClCompile>
    <ClCompile Include="..\..\dlls\Weapons\RPG.cpp">
      <Filter>Sources\Weapons</Filter>
    </ClCompile>
    <ClCompile Include="..\..\dlls\Weapons\SatchelCharge.cpp">
      <Filter>Sources\Weapons</Filter>
    </ClCompile>
    <ClCompile Include="..\..\dlls\Weapons\Shotgun.cpp">
      <Filter>Sources\Weapons</Filter>
    </ClCompile>
    <ClCompile Include="..\..\dlls\Weapons\TripmineGrenade.cpp">
      <Filter>Sources\Weapons</Filter>
    </ClCompile>
    <ClCompile Include="..\..\dlls\Weapons\Crossbow.cpp">
      <Filter>Sources\Weapons</Filter>
    </ClCompile>
    <ClCompile Include="..\..\dlls\Weapons\Crowbar.cpp">
      <Filter>Sources\Weapons</Filter>
    </ClCompile>
    <ClCompile Include="..\..\dlls\Weapons\Egon.cpp">
      <Filter>Sources\Weapons</Filter>
    </ClCompile>
    <ClCompile Include="..\..\dlls\Weapons\Gauss.cpp">
      <Filter>Sources\Weapons</Filter>
    </ClCompile>
    <ClCompile Include="..\..\dlls\Weapons\SqueakGrenade.cpp">
      <Filter>Sources\Weapons</Filter>
    </ClCompile>
    <ClCompile Include="..\..\cl_dll\VGUI\vgui_CustomObjects.cpp">
      <Filter>Sources\VGUI</Filter>
    </ClCompile>
    <ClCompile Include="..\..\cl_dll\VGUI\vgui_int.cpp">
      <Filter>Sources\VGUI</Filter>
    </ClCompile>
    <ClCompile Include="..\..\cl_dll\VGUI\vgui_MOTDWindow.cpp">
      <Filter>Sources\VGUI</Filter>
    </ClCompile>
    <ClCompile Include="..\..\cl_dll\VGUI\vgui_SchemeManager.cpp">
      <Filter>Sources\VGUI</Filter>
    </ClCompile>
    <ClCompile Include="..\..\cl_dll\VGUI\vgui_ScorePanel.cpp">
      <Filter>Sources\VGUI</Filter>
    </ClCompile>
    <ClCompile Include="..\..\cl_dll\VGUI\vgui_ServerBrowser.cpp">
      <Filter>Sources\VGUI</Filter>
    </ClCompile>
    <ClCompile Include="..\..\cl_dll\VGUI\vgui_SpectatorPanel.cpp">
      <Filter>Sources\VGUI</Filter>
    </ClCompile>
    <ClCompile Include="..\..\cl_dll\VGUI\vgui_TeamFortressViewport.cpp">
      <Filter>Sources\VGUI</Filter>
    </ClCompile>
    <ClCompile Include="..\..\cl_dll\VGUI\vgui_teammenu.cpp">
      <Filter>Sources\VGUI</Filter>
    </ClCompile>
    <ClCompile Include="..\..\cl_dll\VGUI\vgui_ClassMenu.cpp">
      <Filter>Sources\VGUI</Filter>
    </ClCompile>
    <ClCompile Include="..\..\cl_dll\VGUI\vgui_ConsolePanel.cpp">
      <Filter>Sources\VGUI</Filter>
    </ClCompile>
    <ClCompile Include="..\..\cl_dll\VGUI\vgui_ControlConfigPanel.cpp">
      <Filter>Sources\VGUI</Filter>
    </ClCompile>
    <ClCompile Include="..\..\cl_dll\HUD\Overview.cpp">
      <Filter>Sources\HUD</Filter>
    </ClCompile>
    <ClCompile Include="..\..\cl_dll\HUD\SayText.cpp">
      <Filter>Sources\HUD</Filter>
    </ClCompile>
    <ClCompile Include="..\..\cl_dll\HUD\StatusBar.cpp">
      <Filter>Sources\HUD</Filter>
    </ClCompile>
    <ClCompile Include="..\..\cl_dll\HUD\StatusIcons.cpp">
      <Filter>Sources\HUD</Filter>
    </ClCompile>
    <ClCompile Include="..\..\cl_dll\HUD\TextMessage.cpp">
      <Filter>Sources\HUD</Filter>
    </ClCompile>
    <ClCompile Include="..\..\cl_dll\HUD\VoiceStatus.cpp">
      <Filter>Sources\HUD</Filter>
    </ClCompile>
    <ClCompile Include="..\..\cl_dll\HUD\Ammo.cpp">
      <Filter>Sources\HUD</Filter>
    </ClCompile>
    <ClCompile Include="..\..\cl_dll\HUD\AmmoHistory.cpp">
      <Filter>Sources\HUD</Filter>
    </ClCompile>
    <ClCompile Include="..\..\cl_dll\HUD\AmmoSecondary.cpp">
      <Filter>Sources\HUD</Filter>
    </ClCompile>
    <ClCompile Include="..\..\cl_dll\HUD\Battery.cpp">
      <Filter>Sources\HUD</Filter>
    </ClCompile>
    <ClCompile Include="..\..\cl_dll\HUD\Death.cpp">
      <Filter>Sources\HUD</Filter>
    </ClCompile>
    <ClCompile Include="..\..\cl_dll\HUD\Flashlight.cpp">
      <Filter>Sources\HUD</Filter>
    </ClCompile>
    <ClCompile Include="..\..\cl_dll\HUD\Geiger.cpp">
      <Filter>Sources\HUD</Filter>
    </ClCompile>
    <ClCompile Include="..\..\cl_dll\HUD\Health.cpp">
      <Filter>Sources\HUD</Filter>
    </ClCompile>
    <ClCompile Include="..\..\cl_dll\HUD\HUD.cpp">
      <Filter>Sources\HUD</Filter>
    </ClCompile>
    <ClCompile Include="..\..\cl_dll\HUD\HUD_Bench.cpp">
      <Filter>Sources\HUD</Filter>
    </ClCompile>
    <ClCompile Include="..\..\cl_dll\HUD\HUD_BenchTrace.cpp">
      <Filter>Sources\HUD</Filter>
    </ClCompile>
    <ClCompile Include="..\..\cl_dll\HUD\HUD_Msg.cpp">
      <Filter>Sources\HUD</Filter>
    </ClCompile>
    <ClCompile Include="..\..\cl_dll\HUD\HUD_Redraw.cpp">
      <Filter>Sources\HUD</Filter>
    </ClCompile>
    <ClCompile Include="..\..\cl_dll\HUD\HUD_Servers.cpp">
      <Filter>Sources\HUD</Filter>
    </ClCompile>
    <ClCompile Include="..\..\cl_dll\HUD\HUD_Spectator.cpp">
      <Filter>Sources\HUD</Filter>
    </ClCompile>
    <ClCompile Include="..\..\cl_dll\HUD\HUD_Update.cpp">
      <Filter>Sources\HUD</Filter>
    </ClCompile>
    <ClCompile Include="..\..\cl_dll\HUD\Menu.cpp">
      <Filter>Sources\HUD</Filter>
    </ClCompile>
    <ClCompile Include="..\..\cl_dll\HUD\Message.cpp">
      <Filter>Sources\HUD</Filter>
    </ClCompile>
    <ClCompile Include="..\..\cl_dll\Events\EV_HLDM.cpp">
      <Filter>Sources\Events</Filter>
    </ClCompile>
    <ClCompile Include="..\..\cl_dll\Events\Events.cpp">
      <Filter>Sources\Events</Filter>
    </ClCompile>
    <ClCompile Include="..\..\cl_dll\Events\EV_Common.cpp">
      <Filter>Sources\Events</Filter>
    </ClCompile>
    <ClCompile Include="..\..\cl_dll\Rendering\StudioModelRenderer.cpp">
      <Filter>Sources\Rendering</Filter>
    </ClCompile>
    <ClCompile Include="..\..\cl_dll\Rendering\StudioUtil.cpp">
      <Filter>Sources\Rendering</Filter>
    </ClCompile>
    <ClCompile Include="..\..\cl_dll\Rendering\Tri.cpp">
      <Filter>Sources\Rendering</Filter>
    </ClCompile>
    <ClCompile Include="..\..\cl_dll\Rendering\View.cpp">
      <Filter>Sources\Rendering</Filter>
    </ClCompile>
    <ClCompile Include="..\..\cl_dll\Rendering\GameStudioModelRenderer.cpp">
      <Filter>Sources\Rendering</Filter>
    </ClCompile>
    <ClCompile Include="..\..\cl_dll\HUD\Train.cpp">
      <Filter>Sources\HUD</Filter>
    </ClCompile>
    <ClCompile Include="..\..\cl_dll\Input\Input.cpp">
      <Filter>Sources\Input</Filter>
    </ClCompile>
    <ClCompile Include="..\..\cl_dll\Input\InputW32.cpp">
      <Filter>Sources\Input</Filter>
    </ClCompile>
    <ClCompile Include="..\..\cl_dll\Input\IN_Camera.cpp">
      <Filter>Sources\Input</Filter>
    </ClCompile>
    <ClCompile Include="..\..\cl_dll\CDLL_Int.cpp">
      <Filter>Sources</Filter>
    </ClCompile>
    <ClCompile Include="..\..\cl_dll\COM_Weapons.cpp">
      <Filter>Sources</Filter>
    </ClCompile>
    <ClCompile Include="..\..\cl_dll\Demo.cpp">
      <Filter>Sources</Filter>
    </ClCompile>
    <ClCompile Include="..\..\cl_dll\Entity.cpp">
      <Filter>Sources</Filter>
    </ClCompile>
    <ClCompile Include="..\..\cl_dll\Interpolation.cpp">
      <Filter>Sources</Filter>
    </ClCompile>
    <ClCompile Include="..\..\cl_dll\Util.cpp">
      <Filter>Sources</Filter>
    </ClCompile>
    <ClCompile Include="..\..\dlls\Weapons\WeaponsShared.cpp">
      <Filter>Sources\Weapons</Filter>
    </ClCompile>
    <ClCompile Include="..\..\cl_dll\ADM\AdmClientsidePunch.cpp">
      <Filter>Sources\ADM</Filter>
    </ClCompile>
    <ClCompile Include="..\..\cl_dll\ADM\AdmClientsideImgui.cpp">
      <Filter>Sources\ADM</Filter>
    </ClCompile>
    <ClCompile Include="..\..\external\imgui\imgui.cpp">
      <Filter>Sources\External\imgui</Filter>
    </ClCompile>
    <ClCompile Include="..\..\external\imgui\imgui_draw.cpp">
      <Filter>Sources\External\imgui</Filter>
    </ClCompile>
    <ClCompile Include="..\..\external\imgui\imgui_widgets.cpp">
      <Filter>Sources\External\imgui</Filter>
    </ClCompile>
    <ClCompile Include="..\..\external\imgui\examples\imgui_impl_sdl.cpp">
      <Filter>Sources\External\imgui\examples</Filter>
    </ClCompile>
    <ClCompile Include="..\..\external\imgui\examples\imgui_impl_opengl2.cpp">
      <Filter>Sources\External\imgui\examples</Filter>
    </ClCompile>
    <ClCompile Include="..\..\shared\ADM\AdmControl.cpp">
      <Filter>Shared\ADM</Filter>
    </ClCompile>
    <ClCompile Include="..\..\shared\ADM\AdmSound.cpp">
      <Filter>Shared\ADM</Filter>
    </ClCompile>
    <ClCompile Include="..\..\shared\ADM\AdmSoundList.cpp">
      <Filter>Shared\ADM</Filter>
    </ClCompile>
    <ClCompile Include="..\..\shared\ADM\AdmTime.cpp">
      <Filter>Shared\ADM</Filter>
    </ClCompile>
    <ClCompile Include="..\..\shared\ADM\DelayLoad.cpp">
      <Filter>Shared\ADM</Filter>
    </ClCompile>
    <ClCompile Include="..\..\cl_dll\ADM\Physics\BulletDebug_TriAPI.cpp">
      <Filter>Sources\ADM\Physics</Filter>
    </ClCompile>
    <ClCompile Include="..\..\shared\ADM\Physics\PhysBody.cpp">
      <Filter>Shared\ADM\Physics</Filter>
    </ClCompile>
    <ClCompile Include="..\..\shared\ADM\Physics\PhysBody_Box.cpp">
      <Filter>Shared\ADM\Physics</Filter>
    </ClCompile>
    <ClCompile Include="..\..\shared\ADM\Physics\PhysBody_MeshConcave.cpp">
      <Filter>Shared\ADM\Physics</Filter>
    </ClCompile>
    <ClCompile Include="..\..\shared\ADM\Physics\PhysBody_MeshConvex.cpp">
      <Filter>Shared\ADM\Physics</Filter>
    </ClCompile>
    <ClCompile Include="..\..\shared\ADM\Physics\PhysBody_Plane.cpp">
      <Filter>Shared\ADM\Physics</Filter>
    </ClCompile>
    <ClCompile Include="..\..\shared\ADM\Physics\PhysicsWorld.cpp">
      <Filter>Shared\ADM\Physics</Filter>
    </ClCompile>
    <ClCompile Include="..\..\cl_dll\ADM\Sound\SoundSystemCore.cpp">
      <Filter>Sources\ADM\Sound</Filter>
    </ClCompile>
    <ClCompile Include="..\..\cl_dll\ADM\Sound\BaseSound.cpp">
      <Filter>Sources\ADM\Sound</Filter>
    </ClCompile>
    <ClCompile Include="..\..\cl_dll\ADM\Sound\Channel.cpp">
      <Filter>Sources\ADM\Sound</Filter>
    </ClCompile>
    <ClCompile Include="..\..\cl_dll\ADM\ClientsideComponent_SoundSystem.cpp">
      <Filter>Sources\ADM</Filter>
    </ClCompile>
    <ClCompile Include="..\..\cl_dll\ADM\System\SDLWrapper.cpp">
      <Filter>Sources\ADM\System</Filter>
    </ClCompile>
  </ItemGroup>
  <ItemGroup>
    <ClInclude Include="..\..\pm_shared\pm_debug.h">
      <Filter>Sources\PM_Shared</Filter>
    </ClInclude>
    <ClInclude Include="..\..\pm_shared\pm_defs.h">
      <Filter>Sources\PM_Shared</Filter>
    </ClInclude>
    <ClInclude Include="..\..\pm_shared\pm_info.h">
      <Filter>Sources\PM_Shared</Filter>
    </ClInclude>
    <ClInclude Include="..\..\pm_shared\pm_materials.h">
      <Filter>Sources\PM_Shared</Filter>
    </ClInclude>
    <ClInclude Include="..\..\pm_shared\pm_movevars.h">
      <Filter>Sources\PM_Shared</Filter>
    </ClInclude>
    <ClInclude Include="..\..\pm_shared\pm_shared.h">
      <Filter>Sources\PM_Shared</Filter>
    </ClInclude>
    <ClInclude Include="..\..\game_shared\vgui_scrollbar2.h">
      <Filter>Sources\Game_Shared</Filter>
    </ClInclude>
    <ClInclude Include="..\..\game_shared\vgui_slider2.h">
      <Filter>Sources\Game_Shared</Filter>
    </ClInclude>
    <ClInclude Include="..\..\game_shared\voice_banmgr.h">
      <Filter>Sources\Game_Shared</Filter>
    </ClInclude>
    <ClInclude Include="..\..\game_shared\voice_status.h">
      <Filter>Sources\Game_Shared</Filter>
    </ClInclude>
    <ClInclude Include="..\..\common\parsemsg.h">
      <Filter>Sources\Common</Filter>
    </ClInclude>
    <ClInclude Include="..\..\common\Platform.h">
      <Filter>Sources\Common</Filter>
    </ClInclude>
    <ClInclude Include="..\..\dlls\ADM\AdmRenderer.h">
      <Filter>Sources\ADM</Filter>
    </ClInclude>
    <ClInclude Include="..\..\cl_dll\VGUI\vgui_int.h">
      <Filter>Sources\VGUI</Filter>
    </ClInclude>
    <ClInclude Include="..\..\cl_dll\VGUI\vgui_SchemeManager.h">
      <Filter>Sources\VGUI</Filter>
    </ClInclude>
    <ClInclude Include="..\..\cl_dll\VGUI\vgui_ScorePanel.h">
      <Filter>Sources\VGUI</Filter>
    </ClInclude>
    <ClInclude Include="..\..\cl_dll\VGUI\vgui_ServerBrowser.h">
      <Filter>Sources\VGUI</Filter>
    </ClInclude>
    <ClInclude Include="..\..\cl_dll\VGUI\vgui_SpectatorPanel.h">
      <Filter>Sources\VGUI</Filter>
    </ClInclude>
    <ClInclude Include="..\..\cl_dll\VGUI\vgui_TeamFortressViewport.h">
      <Filter>Sources\VGUI</Filter>
    </ClInclude>
    <ClInclude Include="..\..\cl_dll\VGUI\vgui_ConsolePanel.h">
      <Filter>Sources\VGUI</Filter>
    </ClInclude>
    <ClInclude Include="..\..\cl_dll\VGUI\vgui_ControlConfigPanel.h">
      <Filter>Sources\VGUI</Filter>
    </ClInclude>
    <ClInclude Include="..\..\cl_dll\HUD\Overview.h">
      <Filter>Sources\HUD</Filter>
    </ClInclude>
    <ClInclude Include="..\..\cl_dll\HUD\VoiceStatus.h">
      <Filter>Sources\HUD</Filter>
    </ClInclude>
    <ClInclude Include="..\..\cl_dll\HUD\Ammo.h">
      <Filter>Sources\HUD</Filter>
    </ClInclude>
    <ClInclude Include="..\..\cl_dll\HUD\AmmoHistory.h">
      <Filter>Sources\HUD</Filter>
    </ClInclude>
    <ClInclude Include="..\..\cl_dll\HUD\Health.h">
      <Filter>Sources\HUD</Filter>
    </ClInclude>
    <ClInclude Include="..\..\cl_dll\HUD\HUD.h">
      <Filter>Sources\HUD</Filter>
    </ClInclude>
    <ClInclude Include="..\..\cl_dll\HUD\HUD_BenchTrace.h">
      <Filter>Sources\HUD</Filter>
    </ClInclude>
    <ClInclude Include="..\..\cl_dll\HUD\HUD_IFace.h">
      <Filter>Sources\HUD</Filter>
    </ClInclude>
    <ClInclude Include="..\..\cl_dll\HUD\HUD_Servers.h">
      <Filter>Sources\HUD</Filter>
    </ClInclude>
    <ClInclude Include="..\..\cl_dll\HUD\HUD_Servers_PRiv.h">
      <Filter>Sources\HUD</Filter>
    </ClInclude>
    <ClInclude Include="..\..\cl_dll\HUD\HUD_Spectator.h">
      <Filter>Sources\HUD</Filter>
    </ClInclude>
    <ClInclude Include="..\..\cl_dll\Events\EV_HLDM.h">
      <Filter>Sources\Events</Filter>
    </ClInclude>
    <ClInclude Include="..\..\cl_dll\Events\EventScripts.h">
      <Filter>Sources\Events</Filter>
    </ClInclude>
    <ClInclude Include="..\..\cl_dll\Rendering\StudioModelRenderer.h">
      <Filter>Sources\Rendering</Filter>
    </ClInclude>
    <ClInclude Include="..\..\cl_dll\Rendering\StudioUtil.h">
      <Filter>Sources\Rendering</Filter>
    </ClInclude>
    <ClInclude Include="..\..\cl_dll\Rendering\Tri.h">
      <Filter>Sources\Rendering</Filter>
    </ClInclude>
    <ClInclude Include="..\..\cl_dll\Rendering\View.h">
      <Filter>Sources\Rendering</Filter>
    </ClInclude>
    <ClInclude Include="..\..\cl_dll\Rendering\GameStudioModelRenderer.h">
      <Filter>Sources\Rendering</Filter>
    </ClInclude>
    <ClInclude Include="..\..\cl_dll\Input\IN_Defs.h">
      <Filter>Sources\Input</Filter>
    </ClInclude>
    <ClInclude Include="..\..\cl_dll\Input\KButton.h">
      <Filter>Sources\Input</Filter>
    </ClInclude>
    <ClInclude Include="..\..\cl_dll\Input\Camera.h">
      <Filter>Sources\Input</Filter>
    </ClInclude>
    <ClInclude Include="..\..\cl_dll\Bench.h">
      <Filter>Sources</Filter>
    </ClInclude>
    <ClInclude Include="..\..\cl_dll\CL_DLL.h">
      <Filter>Sources</Filter>
    </ClInclude>
    <ClInclude Include="..\..\cl_dll\CL_Util.h">
      <Filter>Sources</Filter>
    </ClInclude>
    <ClInclude Include="..\..\cl_dll\COM_Weapons.h">
      <Filter>Sources</Filter>
    </ClInclude>
    <ClInclude Include="..\..\cl_dll\Demo.h">
      <Filter>Sources</Filter>
    </ClInclude>
    <ClInclude Include="..\..\cl_dll\Exports.h">
      <Filter>Sources</Filter>
    </ClInclude>
    <ClInclude Include="..\..\cl_dll\GlobalConsts.h">
      <Filter>Sources</Filter>
    </ClInclude>
    <ClInclude Include="..\..\cl_dll\Interpolation.h">
      <Filter>Sources</Filter>
    </ClInclude>
    <ClInclude Include="..\..\cl_dll\PlayerInfo.h">
      <Filter>Sources</Filter>
    </ClInclude>
    <ClInclude Include="..\..\cl_dll\TFDefs.h">
      <Filter>Sources</Filter>
    </ClInclude>
    <ClInclude Include="..\..\cl_dll\UtilVector.h">
      <Filter>Sources</Filter>
    </ClInclude>
    <ClInclude Include="..\..\cl_dll\WRect.h">
      <Filter>Sources</Filter>
    </ClInclude>
    <ClInclude Include="..\..\shared\ADM\AdmControl.h">
      <Filter>Shared\ADM</Filter>
    </ClInclude>
    <ClInclude Include="..\..\shared\ADM\AdmSound.h">
      <Filter>Shared\ADM</Filter>
    </ClInclude>
    <ClInclude Include="..\..\shared\ADM\AdmSoundList.h">
      <Filter>Shared\ADM</Filter>
    </ClInclude>
    <ClInclude Include="..\..\shared\ADM\AdmTime.h">
      <Filter>Shared\ADM</Filter>
    </ClInclude>
    <ClInclude Include="..\..\shared\ADM\DelayLoad.h">
      <Filter>Shared\ADM</Filter>
    </ClInclude>
    <ClInclude Include="..\..\shared\ADM\VersionInfo.h">
      <Filter>Shared\ADM</Filter>
    </ClInclude>
    <ClInclude Include="..\..\cl_dll\ADM\Physics\BulletDebug_TriAPI.h">
      <Filter>Sources\ADM\Physics</Filter>
    </ClInclude>
    <ClInclude Include="..\..\shared\ADM\Physics\IPhysBody.h">
      <Filter>Shared\ADM\Physics</Filter>
    </ClInclude>
    <ClInclude Include="..\..\shared\ADM\Physics\PhysBody.h">
      <Filter>Shared\ADM\Physics</Filter>
    </ClInclude>
    <ClInclude Include="..\..\shared\ADM\Physics\PhysBody_Box.h">
      <Filter>Shared\ADM\Physics</Filter>
    </ClInclude>
    <ClInclude Include="..\..\shared\ADM\Physics\PhysBody_MeshConcave.h">
      <Filter>Shared\ADM\Physics</Filter>
    </ClInclude>
    <ClInclude Include="..\..\shared\ADM\Physics\PhysBody_MeshConvex.h">
      <Filter>Shared\ADM\Physics</Filter>
    </ClInclude>
    <ClInclude Include="..\..\shared\ADM\Physics\PhysBody_Plane.h">
      <Filter>Shared\ADM\Physics</Filter>
    </ClInclude>
    <ClInclude Include="..\..\shared\ADM\Physics\PhysicsWorld.h">
      <Filter>Shared\ADM\Physics</Filter>
    </ClInclude>
    <ClInclude Include="..\..\shared\ADM\Physics\BulletPhysics.h">
      <Filter>Shared\ADM\Physics</Filter>
    </ClInclude>
    <ClInclude Include="..\..\cl_dll\ADM\Sound\SoundSystemCore.h">
      <Filter>Sources\ADM\Sound</Filter>
    </ClInclude>
    <ClInclude Include="..\..\cl_dll\ADM\Sound\BaseSound.h">
      <Filter>Sources\ADM\Sound</Filter>
    </ClInclude>
    <ClInclude Include="..\..\cl_dll\ADM\Sound\Channel.h">
      <Filter>Sources\ADM\Sound</Filter>
    </ClInclude>
    <ClInclude Include="..\..\cl_dll\ADM\System\SDLWrapper.h">
      <Filter>Sources\ADM\System</Filter>
    </ClInclude>
  </ItemGroup>
  <ItemGroup>
    <Library Include="..\..\lib\public\game_controls.lib" />
  </ItemGroup>
</Project>