<?xml version="1.0" encoding="utf-8"?>
<Project ToolsVersion="4.0" xmlns="http://schemas.microsoft.com/developer/msbuild/2003">
  <ItemGroup>
    <Filter Include="Sources">
      <UniqueIdentifier>{4FC737F1-C7A5-4376-A066-2A32D752A2FF}</UniqueIdentifier>
      <Extensions>cpp;c;cc;cxx;def;odl;idl;hpj;bat;asm;asmx</Extensions>
    </Filter>
    <Filter Include="Sources\ADM">
      <UniqueIdentifier>{e0abc6bc-0f7a-4d3a-badb-672bf36abbb7}</UniqueIdentifier>
    </Filter>
    <Filter Include="Sources\ADM\Func">
      <UniqueIdentifier>{020dc8e7-4428-4ab1-b808-0708506662cb}</UniqueIdentifier>
    </Filter>
    <Filter Include="Sources\AI">
      <UniqueIdentifier>{c3d2fc78-8d63-414b-bf71-1e83a7db7592}</UniqueIdentifier>
    </Filter>
    <Filter Include="Sources\AI\Monsters">
      <UniqueIdentifier>{b087d619-fdc3-4ecd-97bc-ff16ac5394d0}</UniqueIdentifier>
    </Filter>
    <Filter Include="Sources\Base">
      <UniqueIdentifier>{1d24ed3c-da57-4a5b-a7ed-a073b58a5d5e}</UniqueIdentifier>
    </Filter>
    <Filter Include="Sources\Game">
      <UniqueIdentifier>{bdf29b00-3a49-4381-bb1a-aac10390d634}</UniqueIdentifier>
    </Filter>
    <Filter Include="Sources\Items">
      <UniqueIdentifier>{2c82afbd-b877-4e34-aa1f-8bdbe1ffd470}</UniqueIdentifier>
    </Filter>
    <Filter Include="Sources\Weapons">
      <UniqueIdentifier>{000b311c-d555-467e-b6cb-5e669fb8c45e}</UniqueIdentifier>
    </Filter>
    <Filter Include="Sources\Engine">
      <UniqueIdentifier>{b85e935a-5cc8-482d-b85f-6cdaa3452ccb}</UniqueIdentifier>
    </Filter>
    <Filter Include="Sources\Game_Shared">
      <UniqueIdentifier>{9cd951c6-53c4-4c79-826f-13ac1af8a8b6}</UniqueIdentifier>
    </Filter>
    <Filter Include="Sources\PM_Shared">
      <UniqueIdentifier>{7f184267-1d16-4bbc-9212-a804fcd04e6a}</UniqueIdentifier>
    </Filter>
    <Filter Include="Sources\Common">
      <UniqueIdentifier>{d9b0bb75-7f25-443b-8899-6b1a9e1dd63c}</UniqueIdentifier>
    </Filter>
    <Filter Include="Sources\Audio">
      <UniqueIdentifier>{540f6acf-fa51-44f0-9e07-5b9fad1e193d}</UniqueIdentifier>
    </Filter>
    <Filter Include="Sources\Env">
      <UniqueIdentifier>{d0f7d9ce-b729-4409-861c-5ebd38578632}</UniqueIdentifier>
    </Filter>
    <Filter Include="Sources\Func">
      <UniqueIdentifier>{15a5ae2a-4d8a-49f4-9689-1be7b38d08bb}</UniqueIdentifier>
    </Filter>
    <Filter Include="Sources\Info">
      <UniqueIdentifier>{f5f586e9-7112-4794-a69f-d90fde9822d2}</UniqueIdentifier>
    </Filter>
    <Filter Include="Sources\Light">
      <UniqueIdentifier>{4c47aac0-5106-4994-bf70-869c5689b97c}</UniqueIdentifier>
    </Filter>
    <Filter Include="Sources\Misc">
      <UniqueIdentifier>{d497b6eb-3091-469e-af5e-a4a79ece561e}</UniqueIdentifier>
    </Filter>
    <Filter Include="Sources\Player">
      <UniqueIdentifier>{c188937d-4c1c-4cb6-903a-c68edbd73bd9}</UniqueIdentifier>
    </Filter>
    <Filter Include="Sources\Trigger">
      <UniqueIdentifier>{bf25760c-77f1-4ce5-8bda-4ace03c47d60}</UniqueIdentifier>
    </Filter>
    <Filter Include="Sources\Path">
      <UniqueIdentifier>{a8df70ed-4602-4d22-a482-851594920642}</UniqueIdentifier>
    </Filter>
    <Filter Include="FGDs">
      <UniqueIdentifier>{67DA6AB6-F800-4c08-8B7A-83BB121AAD01}</UniqueIdentifier>
      <Extensions>rc;ico;cur;bmp;dlg;rc2;rct;bin;rgs;gif;jpg;jpeg;jpe;resx;tiff;tif;png;wav;mfcribbon-ms</Extensions>
    </Filter>
    <Filter Include="Shared">
      <UniqueIdentifier>{73779adb-60a8-4b7d-b755-5ebcbd45d762}</UniqueIdentifier>
    </Filter>
    <Filter Include="Shared\ADM">
      <UniqueIdentifier>{5fea5a55-5a3c-429f-a9fd-ec25ebbf9ed4}</UniqueIdentifier>
    </Filter>
    <Filter Include="Shared\ADM\Physics">
      <UniqueIdentifier>{85da1991-4088-4347-a59d-41d4e9d59c24}</UniqueIdentifier>
    </Filter>
    <Filter Include="Sources\ADM\Trigger">
      <UniqueIdentifier>{f8dd6890-fca2-4aed-b9b6-7a4f3b84d434}</UniqueIdentifier>
    </Filter>
    <Filter Include="Sources\ADM\Util">
      <UniqueIdentifier>{085cc89e-788c-4d4a-acca-7946213f438e}</UniqueIdentifier>
    </Filter>
    <Filter Include="Sources\ADM\Physics">
      <UniqueIdentifier>{b0e6210b-7e10-4a0c-b4fe-f2323e2242fa}</UniqueIdentifier>
    </Filter>
    <Filter Include="Sources\ADM\Env">
      <UniqueIdentifier>{b6147aab-3b0f-46ae-a2ec-35044da66591}</UniqueIdentifier>
    </Filter>
    <Filter Include="Sources\ADM\Audio">
      <UniqueIdentifier>{9d7ef8e8-05e9-4401-8340-c205e72f725e}</UniqueIdentifier>
    </Filter>
    <Filter Include="Shared\Maths">
      <UniqueIdentifier>{4f78c50e-5e29-4721-b562-6cafbf06fc77}</UniqueIdentifier>
    </Filter>
  </ItemGroup>
  <ItemGroup>
    <ClCompile Include="..\..\game_shared\voice_gamemgr.cpp">
      <Filter>Sources\Game_Shared</Filter>
    </ClCompile>
    <ClCompile Include="..\..\pm_shared\pm_debug.cpp">
      <Filter>Sources\PM_Shared</Filter>
    </ClCompile>
    <ClCompile Include="..\..\pm_shared\pm_math.cpp">
      <Filter>Sources\PM_Shared</Filter>
    </ClCompile>
    <ClCompile Include="..\..\pm_shared\pm_shared.cpp">
      <Filter>Sources\PM_Shared</Filter>
    </ClCompile>
    <ClCompile Include="..\..\dlls\adm\AdmAudioEntities.cpp">
      <Filter>Sources\ADM</Filter>
    </ClCompile>
    <ClCompile Include="..\..\dlls\adm\AdmEffects.cpp">
      <Filter>Sources\ADM</Filter>
    </ClCompile>
    <ClCompile Include="..\..\dlls\adm\AdmGetSetKV.cpp">
      <Filter>Sources\ADM</Filter>
    </ClCompile>
    <ClCompile Include="..\..\dlls\adm\AdmStory.cpp">
      <Filter>Sources\ADM</Filter>
    </ClCompile>
    <ClCompile Include="..\..\dlls\adm\AdmTriggers.cpp">
      <Filter>Sources\ADM</Filter>
    </ClCompile>
    <ClCompile Include="..\..\dlls\adm\AdmVehicle.cpp">
      <Filter>Sources\ADM</Filter>
    </ClCompile>
    <ClCompile Include="..\..\dlls\adm\AdmVehicleComponents.cpp">
      <Filter>Sources\ADM</Filter>
    </ClCompile>
    <ClCompile Include="..\..\dlls\Weapons\SqueakGrenade.cpp">
      <Filter>Sources\Weapons</Filter>
    </ClCompile>
    <ClCompile Include="..\..\dlls\Weapons\TripmineGrenade.cpp">
      <Filter>Sources\Weapons</Filter>
    </ClCompile>
    <ClCompile Include="..\..\dlls\Weapons\Weapons.cpp">
      <Filter>Sources\Weapons</Filter>
    </ClCompile>
    <ClCompile Include="..\..\dlls\Weapons\Crossbow.cpp">
      <Filter>Sources\Weapons</Filter>
    </ClCompile>
    <ClCompile Include="..\..\dlls\Weapons\Crowbar.cpp">
      <Filter>Sources\Weapons</Filter>
    </ClCompile>
    <ClCompile Include="..\..\dlls\Weapons\Egon.cpp">
      <Filter>Sources\Weapons</Filter>
    </ClCompile>
    <ClCompile Include="..\..\dlls\Weapons\Gauss.cpp">
      <Filter>Sources\Weapons</Filter>
    </ClCompile>
    <ClCompile Include="..\..\dlls\Weapons\Glock.cpp">
      <Filter>Sources\Weapons</Filter>
    </ClCompile>
    <ClCompile Include="..\..\dlls\Weapons\HandGrenade.cpp">
      <Filter>Sources\Weapons</Filter>
    </ClCompile>
    <ClCompile Include="..\..\dlls\Weapons\Hgun.cpp">
      <Filter>Sources\Weapons</Filter>
    </ClCompile>
    <ClCompile Include="..\..\dlls\Weapons\MP5.cpp">
      <Filter>Sources\Weapons</Filter>
    </ClCompile>
    <ClCompile Include="..\..\dlls\Weapons\Python.cpp">
      <Filter>Sources\Weapons</Filter>
    </ClCompile>
    <ClCompile Include="..\..\dlls\Weapons\RPG.cpp">
      <Filter>Sources\Weapons</Filter>
    </ClCompile>
    <ClCompile Include="..\..\dlls\Weapons\SatchelCharge.cpp">
      <Filter>Sources\Weapons</Filter>
    </ClCompile>
    <ClCompile Include="..\..\dlls\Weapons\Shotgun.cpp">
      <Filter>Sources\Weapons</Filter>
    </ClCompile>
    <ClCompile Include="..\..\dlls\AI\DefaultAI.cpp">
      <Filter>Sources\AI</Filter>
    </ClCompile>
    <ClCompile Include="..\..\dlls\AI\GenericMonster.cpp">
      <Filter>Sources\AI</Filter>
    </ClCompile>
    <ClCompile Include="..\..\dlls\AI\LegacyCine.cpp">
      <Filter>Sources\AI</Filter>
    </ClCompile>
    <ClCompile Include="..\..\dlls\AI\Monsters.cpp">
      <Filter>Sources\AI</Filter>
    </ClCompile>
    <ClCompile Include="..\..\dlls\AI\MonsterState.cpp">
      <Filter>Sources\AI</Filter>
    </ClCompile>
    <ClCompile Include="..\..\dlls\AI\Schedule.cpp">
      <Filter>Sources\AI</Filter>
    </ClCompile>
    <ClCompile Include="..\..\dlls\AI\SquadMonster.cpp">
      <Filter>Sources\AI</Filter>
    </ClCompile>
    <ClCompile Include="..\..\dlls\AI\TalkMonster.cpp">
      <Filter>Sources\AI</Filter>
    </ClCompile>
    <ClCompile Include="..\..\dlls\AI\AIUtil.cpp">
      <Filter>Sources\AI</Filter>
    </ClCompile>
    <ClCompile Include="..\..\dlls\AI\CineMonster.cpp">
      <Filter>Sources\AI</Filter>
    </ClCompile>
    <ClCompile Include="..\..\dlls\AI\Monsters\Apache.cpp">
      <Filter>Sources\AI\Monsters</Filter>
    </ClCompile>
    <ClCompile Include="..\..\dlls\AI\Monsters\Barnacle.cpp">
      <Filter>Sources\AI\Monsters</Filter>
    </ClCompile>
    <ClCompile Include="..\..\dlls\AI\Monsters\Barney.cpp">
      <Filter>Sources\AI\Monsters</Filter>
    </ClCompile>
    <ClCompile Include="..\..\dlls\AI\Monsters\BigMomma.cpp">
      <Filter>Sources\AI\Monsters</Filter>
    </ClCompile>
    <ClCompile Include="..\..\dlls\AI\Monsters\Bloater.cpp">
      <Filter>Sources\AI\Monsters</Filter>
    </ClCompile>
    <ClCompile Include="..\..\dlls\AI\Monsters\Bullsquid.cpp">
      <Filter>Sources\AI\Monsters</Filter>
    </ClCompile>
    <ClCompile Include="..\..\dlls\AI\Monsters\Controller.cpp">
      <Filter>Sources\AI\Monsters</Filter>
    </ClCompile>
    <ClCompile Include="..\..\dlls\AI\Monsters\FlockingFlyer.cpp">
      <Filter>Sources\AI\Monsters</Filter>
    </ClCompile>
    <ClCompile Include="..\..\dlls\AI\Monsters\Gargantua.cpp">
      <Filter>Sources\AI\Monsters</Filter>
    </ClCompile>
    <ClCompile Include="..\..\dlls\AI\Monsters\GMan.cpp">
      <Filter>Sources\AI\Monsters</Filter>
    </ClCompile>
    <ClCompile Include="..\..\dlls\AI\Monsters\Hassassin.cpp">
      <Filter>Sources\AI\Monsters</Filter>
    </ClCompile>
    <ClCompile Include="..\..\dlls\AI\Monsters\HGrunt.cpp">
      <Filter>Sources\AI\Monsters</Filter>
    </ClCompile>
    <ClCompile Include="..\..\dlls\AI\Monsters\Houndeye.cpp">
      <Filter>Sources\AI\Monsters</Filter>
    </ClCompile>
    <ClCompile Include="..\..\dlls\AI\Monsters\Ichthyosaur.cpp">
      <Filter>Sources\AI\Monsters</Filter>
    </ClCompile>
    <ClCompile Include="..\..\dlls\AI\Monsters\ISlave.cpp">
      <Filter>Sources\AI\Monsters</Filter>
    </ClCompile>
    <ClCompile Include="..\..\dlls\AI\Monsters\Leech.cpp">
      <Filter>Sources\AI\Monsters</Filter>
    </ClCompile>
    <ClCompile Include="..\..\dlls\AI\Monsters\Nihilanth.cpp">
      <Filter>Sources\AI\Monsters</Filter>
    </ClCompile>
    <ClCompile Include="..\..\dlls\AI\Monsters\Osprey.cpp">
      <Filter>Sources\AI\Monsters</Filter>
    </ClCompile>
    <ClCompile Include="..\..\dlls\AI\Monsters\Rat.cpp">
      <Filter>Sources\AI\Monsters</Filter>
    </ClCompile>
    <ClCompile Include="..\..\dlls\AI\Monsters\Roach.cpp">
      <Filter>Sources\AI\Monsters</Filter>
    </ClCompile>
    <ClCompile Include="..\..\dlls\AI\Monsters\Scientist.cpp">
      <Filter>Sources\AI\Monsters</Filter>
    </ClCompile>
    <ClCompile Include="..\..\dlls\AI\Monsters\Tentacle.cpp">
      <Filter>Sources\AI\Monsters</Filter>
    </ClCompile>
    <ClCompile Include="..\..\dlls\AI\Monsters\Turrets.cpp">
      <Filter>Sources\AI\Monsters</Filter>
    </ClCompile>
    <ClCompile Include="..\..\dlls\AI\Monsters\Zombie.cpp">
      <Filter>Sources\AI\Monsters</Filter>
    </ClCompile>
    <ClCompile Include="..\..\dlls\AI\Monsters\AGrunt.cpp">
      <Filter>Sources\AI\Monsters</Filter>
    </ClCompile>
    <ClCompile Include="..\..\dlls\Items\Items.cpp">
      <Filter>Sources\Items</Filter>
    </ClCompile>
    <ClCompile Include="..\..\dlls\Items\Recharge.cpp">
      <Filter>Sources\Items</Filter>
    </ClCompile>
    <ClCompile Include="..\..\dlls\Items\Airtank.cpp">
      <Filter>Sources\Items</Filter>
    </ClCompile>
    <ClCompile Include="..\..\dlls\Items\HealthKit.cpp">
      <Filter>Sources\Items</Filter>
    </ClCompile>
    <ClCompile Include="..\..\dlls\Game\GamerulesMultiplay.cpp">
      <Filter>Sources\Game</Filter>
    </ClCompile>
    <ClCompile Include="..\..\dlls\Game\GamerulesSingleplay.cpp">
      <Filter>Sources\Game</Filter>
    </ClCompile>
    <ClCompile Include="..\..\dlls\Game\GamerulesTeamplay.cpp">
      <Filter>Sources\Game</Filter>
    </ClCompile>
    <ClCompile Include="..\..\dlls\Game\Client.cpp">
      <Filter>Sources\Game</Filter>
    </ClCompile>
    <ClCompile Include="..\..\dlls\Game\Game.cpp">
      <Filter>Sources\Game</Filter>
    </ClCompile>
    <ClCompile Include="..\..\dlls\Game\GameEntities.cpp">
      <Filter>Sources\Game</Filter>
    </ClCompile>
    <ClCompile Include="..\..\dlls\Game\GameRules.cpp">
      <Filter>Sources\Game</Filter>
    </ClCompile>
    <ClCompile Include="..\..\dlls\Base\Animation.cpp">
      <Filter>Sources\Base</Filter>
    </ClCompile>
    <ClCompile Include="..\..\dlls\Base\BaseButton.cpp">
      <Filter>Sources\Base</Filter>
    </ClCompile>
    <ClCompile Include="..\..\dlls\Base\BaseEntity.cpp">
      <Filter>Sources\Base</Filter>
    </ClCompile>
    <ClCompile Include="..\..\dlls\Base\Animating.cpp">
      <Filter>Sources\Base</Filter>
    </ClCompile>
    <ClCompile Include="..\..\dlls\AI\FlyingMonster.cpp">
      <Filter>Sources\AI</Filter>
    </ClCompile>
    <ClCompile Include="..\..\dlls\AI\Monsters\HeadCrab.cpp">
      <Filter>Sources\AI\Monsters</Filter>
    </ClCompile>
    <ClCompile Include="..\..\dlls\Combat.cpp">
      <Filter>Sources</Filter>
    </ClCompile>
    <ClCompile Include="..\..\dlls\Cycler.cpp">
      <Filter>Sources</Filter>
    </ClCompile>
    <ClCompile Include="..\..\dlls\Globals.cpp">
      <Filter>Sources</Filter>
    </ClCompile>
    <ClCompile Include="..\..\dlls\Graph.cpp">
      <Filter>Sources</Filter>
    </ClCompile>
    <ClCompile Include="..\..\dlls\Grenade.cpp">
      <Filter>Sources</Filter>
    </ClCompile>
    <ClCompile Include="..\..\dlls\HExport.cpp">
      <Filter>Sources</Filter>
    </ClCompile>
    <ClCompile Include="..\..\dlls\Lights.cpp">
      <Filter>Sources</Filter>
    </ClCompile>
    <ClCompile Include="..\..\dlls\MonsterMaker.cpp">
      <Filter>Sources</Filter>
    </ClCompile>
    <ClCompile Include="..\..\dlls\Observer.cpp">
      <Filter>Sources</Filter>
    </ClCompile>
    <ClCompile Include="..\..\dlls\Plane.cpp">
      <Filter>Sources</Filter>
    </ClCompile>
    <ClCompile Include="..\..\dlls\Player.cpp">
      <Filter>Sources</Filter>
    </ClCompile>
    <ClCompile Include="..\..\dlls\Skill.cpp">
      <Filter>Sources</Filter>
    </ClCompile>
    <ClCompile Include="..\..\dlls\Sound.cpp">
      <Filter>Sources</Filter>
    </ClCompile>
    <ClCompile Include="..\..\dlls\SoundEnt.cpp">
      <Filter>Sources</Filter>
    </ClCompile>
    <ClCompile Include="..\..\dlls\Spectator.cpp">
      <Filter>Sources</Filter>
    </ClCompile>
    <ClCompile Include="..\..\dlls\Subs.cpp">
      <Filter>Sources</Filter>
    </ClCompile>
    <ClCompile Include="..\..\dlls\Triggers.cpp">
      <Filter>Sources</Filter>
    </ClCompile>
    <ClCompile Include="..\..\dlls\Utility.cpp">
      <Filter>Sources</Filter>
    </ClCompile>
    <ClCompile Include="..\..\dlls\World.cpp">
      <Filter>Sources</Filter>
    </ClCompile>
    <ClCompile Include="..\..\dlls\XenPlants.cpp">
      <Filter>Sources</Filter>
    </ClCompile>
    <ClCompile Include="..\..\dlls\AI\Monsters\Hornet.cpp">
      <Filter>Sources\AI\Monsters</Filter>
    </ClCompile>
    <ClCompile Include="..\..\dlls\Weapons\WeaponsShared.cpp">
      <Filter>Sources\Weapons</Filter>
    </ClCompile>
    <ClCompile Include="..\..\dlls\Func\CBreakable.cpp">
      <Filter>Sources\Func</Filter>
    </ClCompile>
    <ClCompile Include="..\..\dlls\Func\CFuncConveyor.cpp">
      <Filter>Sources\Func</Filter>
    </ClCompile>
    <ClCompile Include="..\..\dlls\Func\CFuncIllusionary.cpp">
      <Filter>Sources\Func</Filter>
    </ClCompile>
    <ClCompile Include="..\..\dlls\Func\CFuncMonsterClip.cpp">
      <Filter>Sources\Func</Filter>
    </ClCompile>
    <ClCompile Include="..\..\dlls\Func\CFuncRotating.cpp">
      <Filter>Sources\Func</Filter>
    </ClCompile>
    <ClCompile Include="..\..\dlls\Func\CFuncWall.cpp">
      <Filter>Sources\Func</Filter>
    </ClCompile>
    <ClCompile Include="..\..\dlls\Func\CFuncWallToggle.cpp">
      <Filter>Sources\Func</Filter>
    </ClCompile>
    <ClCompile Include="..\..\dlls\Func\CPendulum.cpp">
      <Filter>Sources\Func</Filter>
    </ClCompile>
    <ClCompile Include="..\..\dlls\Func\CPushable.cpp">
      <Filter>Sources\Func</Filter>
    </ClCompile>
    <ClCompile Include="..\..\dlls\Func\CBaseDoor.cpp">
      <Filter>Sources\Func</Filter>
    </ClCompile>
    <ClCompile Include="..\..\dlls\Func\CMomentaryDoor.cpp">
      <Filter>Sources\Func</Filter>
    </ClCompile>
    <ClCompile Include="..\..\dlls\Func\CRotDoor.cpp">
      <Filter>Sources\Func</Filter>
    </ClCompile>
    <ClCompile Include="..\..\dlls\Func\CFuncMortarField.cpp">
      <Filter>Sources\Func</Filter>
    </ClCompile>
    <ClCompile Include="..\..\dlls\Func\CMortar.cpp">
      <Filter>Sources\Func</Filter>
    </ClCompile>
    <ClCompile Include="..\..\dlls\Func\CFuncTank.cpp">
      <Filter>Sources\Func</Filter>
    </ClCompile>
    <ClCompile Include="..\..\dlls\Func\CFuncTankControls.cpp">
      <Filter>Sources\Func</Filter>
    </ClCompile>
    <ClCompile Include="..\..\dlls\Func\CFuncTankGun.cpp">
      <Filter>Sources\Func</Filter>
    </ClCompile>
    <ClCompile Include="..\..\dlls\Func\CFuncTankLaser.cpp">
      <Filter>Sources\Func</Filter>
    </ClCompile>
    <ClCompile Include="..\..\dlls\Func\CFuncTankMortar.cpp">
      <Filter>Sources\Func</Filter>
    </ClCompile>
    <ClCompile Include="..\..\dlls\Func\CFuncTankRocket.cpp">
      <Filter>Sources\Func</Filter>
    </ClCompile>
    <ClCompile Include="..\..\dlls\Func\CBaseButton.cpp">
      <Filter>Sources\Func</Filter>
    </ClCompile>
    <ClCompile Include="..\..\dlls\Func\CFrictionModifier.cpp">
      <Filter>Sources\Func</Filter>
    </ClCompile>
    <ClCompile Include="..\..\dlls\Func\CFuncLadder.cpp">
      <Filter>Sources\Func</Filter>
    </ClCompile>
    <ClCompile Include="..\..\dlls\Func\CFuncPlat.cpp">
      <Filter>Sources\Func</Filter>
    </ClCompile>
    <ClCompile Include="..\..\dlls\Func\CFuncPlatRot.cpp">
      <Filter>Sources\Func</Filter>
    </ClCompile>
    <ClCompile Include="..\..\dlls\Func\CFuncTrackAuto.cpp">
      <Filter>Sources\Func</Filter>
    </ClCompile>
    <ClCompile Include="..\..\dlls\Func\CFuncTrackChange.cpp">
      <Filter>Sources\Func</Filter>
    </ClCompile>
    <ClCompile Include="..\..\dlls\Func\CFuncTrackTrain.cpp">
      <Filter>Sources\Func</Filter>
    </ClCompile>
    <ClCompile Include="..\..\dlls\Func\CFuncTrain.cpp">
      <Filter>Sources\Func</Filter>
    </ClCompile>
    <ClCompile Include="..\..\dlls\Func\CFuncTrainControls.cpp">
      <Filter>Sources\Func</Filter>
    </ClCompile>
    <ClCompile Include="..\..\dlls\Func\CGunTarget.cpp">
      <Filter>Sources\Func</Filter>
    </ClCompile>
    <ClCompile Include="..\..\dlls\Func\CRotButton.cpp">
      <Filter>Sources\Func</Filter>
    </ClCompile>
    <ClCompile Include="..\..\dlls\Func\CBasePlatTrain.cpp">
      <Filter>Sources\Func</Filter>
    </ClCompile>
    <ClCompile Include="..\..\dlls\Path\CPathTrack.cpp">
      <Filter>Sources\Path</Filter>
    </ClCompile>
    <ClCompile Include="..\..\dlls\Path\CPathCorner.cpp">
      <Filter>Sources\Path</Filter>
    </ClCompile>
    <ClCompile Include="..\..\dlls\Func\CRecharge.cpp">
      <Filter>Sources\Func</Filter>
    </ClCompile>
    <ClCompile Include="..\..\dlls\Func\CWallHealth.cpp">
      <Filter>Sources\Func</Filter>
    </ClCompile>
    <ClCompile Include="..\..\dlls\ADM\Func\CFuncLag.cpp">
      <Filter>Sources\ADM\Func</Filter>
    </ClCompile>
    <ClCompile Include="..\..\dlls\ADM\Func\CFuncLoadbar.cpp">
      <Filter>Sources\ADM\Func</Filter>
    </ClCompile>
    <ClCompile Include="..\..\dlls\ADM\Func\CFuncNovis.cpp">
      <Filter>Sources\ADM\Func</Filter>
    </ClCompile>
    <ClCompile Include="..\..\dlls\Audio\CAmbientGeneric.cpp">
      <Filter>Sources\Audio</Filter>
    </ClCompile>
    <ClCompile Include="..\..\dlls\Env\CEnvSound.cpp">
      <Filter>Sources\Env</Filter>
    </ClCompile>
    <ClCompile Include="..\..\dlls\Audio\CSpeaker.cpp">
      <Filter>Sources\Audio</Filter>
    </ClCompile>
    <ClCompile Include="..\..\dlls\Env\CBeam.cpp">
      <Filter>Sources\Env</Filter>
    </ClCompile>
    <ClCompile Include="..\..\dlls\Env\CBlood.cpp">
      <Filter>Sources\Env</Filter>
    </ClCompile>
    <ClCompile Include="..\..\dlls\Env\CBubbling.cpp">
      <Filter>Sources\Env</Filter>
    </ClCompile>
    <ClCompile Include="..\..\dlls\Env\CEnvBeverage.cpp">
      <Filter>Sources\Env</Filter>
    </ClCompile>
    <ClCompile Include="..\..\dlls\Env\CEnvFunnel.cpp">
      <Filter>Sources\Env</Filter>
    </ClCompile>
    <ClCompile Include="..\..\dlls\Env\CEnvShooter.cpp">
      <Filter>Sources\Env</Filter>
    </ClCompile>
    <ClCompile Include="..\..\dlls\Env\CFade.cpp">
      <Filter>Sources\Env</Filter>
    </ClCompile>
    <ClCompile Include="..\..\dlls\Env\CGibShooter.cpp">
      <Filter>Sources\Env</Filter>
    </ClCompile>
    <ClCompile Include="..\..\dlls\Env\CGlow.cpp">
      <Filter>Sources\Env</Filter>
    </ClCompile>
    <ClCompile Include="..\..\dlls\Env\CLaser.cpp">
      <Filter>Sources\Env</Filter>
    </ClCompile>
    <ClCompile Include="..\..\dlls\Env\CLightning.cpp">
      <Filter>Sources\Env</Filter>
    </ClCompile>
    <ClCompile Include="..\..\dlls\Env\CMessage.cpp">
      <Filter>Sources\Env</Filter>
    </ClCompile>
    <ClCompile Include="..\..\dlls\Env\CShake.cpp">
      <Filter>Sources\Env</Filter>
    </ClCompile>
    <ClCompile Include="..\..\dlls\Env\CSmoker.cpp">
      <Filter>Sources\Env</Filter>
    </ClCompile>
    <ClCompile Include="..\..\dlls\Env\CSprite.cpp">
      <Filter>Sources\Env</Filter>
    </ClCompile>
    <ClCompile Include="..\..\dlls\Env\CTestEffect.cpp">
      <Filter>Sources\Env</Filter>
    </ClCompile>
    <ClCompile Include="..\..\dlls\Items\CItemSoda.cpp">
      <Filter>Sources\Items</Filter>
    </ClCompile>
    <ClCompile Include="..\..\dlls\Env\CEnvExplosion.cpp">
      <Filter>Sources\Env</Filter>
    </ClCompile>
    <ClCompile Include="..\..\dlls\Env\CShower.cpp">
      <Filter>Sources\Env</Filter>
    </ClCompile>
    <ClCompile Include="..\..\shared\ADM\AdmControl.cpp">
      <Filter>Shared\ADM</Filter>
    </ClCompile>
    <ClCompile Include="..\..\shared\ADM\AdmSound.cpp">
      <Filter>Shared\ADM</Filter>
    </ClCompile>
    <ClCompile Include="..\..\shared\ADM\AdmSoundList.cpp">
      <Filter>Shared\ADM</Filter>
    </ClCompile>
    <ClCompile Include="..\..\shared\ADM\AdmTime.cpp">
      <Filter>Shared\ADM</Filter>
    </ClCompile>
    <ClCompile Include="..\..\shared\ADM\DelayLoad.cpp">
      <Filter>Shared\ADM</Filter>
    </ClCompile>
    <ClCompile Include="..\..\dlls\ADM\Util\UtilServerCommand.cpp">
      <Filter>Sources\ADM\Util</Filter>
    </ClCompile>
    <ClCompile Include="..\..\shared\ADM\Physics\PhysicsWorld.cpp">
      <Filter>Shared\ADM\Physics</Filter>
    </ClCompile>
    <ClCompile Include="..\..\shared\ADM\Physics\PhysBody_Plane.cpp">
      <Filter>Shared\ADM\Physics</Filter>
    </ClCompile>
    <ClCompile Include="..\..\shared\ADM\Physics\PhysBody_MeshConvex.cpp">
      <Filter>Shared\ADM\Physics</Filter>
    </ClCompile>
    <ClCompile Include="..\..\shared\ADM\Physics\PhysBody_MeshConcave.cpp">
      <Filter>Shared\ADM\Physics</Filter>
    </ClCompile>
    <ClCompile Include="..\..\shared\ADM\Physics\PhysBody.cpp">
      <Filter>Shared\ADM\Physics</Filter>
    </ClCompile>
    <ClCompile Include="..\..\shared\ADM\Physics\PhysBody_Box.cpp">
      <Filter>Shared\ADM\Physics</Filter>
    </ClCompile>
    <ClCompile Include="..\..\dlls\ADM\Physics\PhysManager.cpp">
      <Filter>Sources\ADM\Physics</Filter>
    </ClCompile>
    <ClCompile Include="..\..\dlls\ADM\Physics\PhysBox.cpp">
      <Filter>Sources\ADM\Physics</Filter>
    </ClCompile>
    <ClCompile Include="..\..\dlls\ADM\Env\EnvSky2D.cpp">
      <Filter>Sources\ADM\Env</Filter>
    </ClCompile>
    <ClCompile Include="..\..\dlls\ADM\Audio\AudioMusic.cpp">
      <Filter>Sources\ADM\Audio</Filter>
    </ClCompile>
    <ClCompile Include="..\..\dlls\ADM\Audio\AudioSound2D.cpp">
      <Filter>Sources\ADM\Audio</Filter>
    </ClCompile>
    <ClCompile Include="..\..\dlls\ADM\Audio\AudioSound3D.cpp">
      <Filter>Sources\ADM\Audio</Filter>
    </ClCompile>
    <ClCompile Include="..\..\dlls\Game\SaveTitles.cpp">
      <Filter>Sources\Game</Filter>
    </ClCompile>
    <ClCompile Include="..\..\shared\Maths\Vector.cpp">
      <Filter>Shared\Maths</Filter>
    </ClCompile>
  </ItemGroup>
  <ItemGroup>
    <ClInclude Include="..\..\engine\eiface.h">
      <Filter>Sources\Engine</Filter>
    </ClInclude>
    <ClInclude Include="..\..\common\Platform.h">
      <Filter>Sources\Common</Filter>
    </ClInclude>
    <ClInclude Include="..\..\dlls\adm\AdmVehicle.h">
      <Filter>Sources\ADM</Filter>
    </ClInclude>
    <ClInclude Include="..\..\pm_shared\pm_debug.h">
      <Filter>Sources\PM_Shared</Filter>
    </ClInclude>
    <ClInclude Include="..\..\pm_shared\pm_defs.h">
      <Filter>Sources\PM_Shared</Filter>
    </ClInclude>
    <ClInclude Include="..\..\pm_shared\pm_info.h">
      <Filter>Sources\PM_Shared</Filter>
    </ClInclude>
    <ClInclude Include="..\..\pm_shared\pm_materials.h">
      <Filter>Sources\PM_Shared</Filter>
    </ClInclude>
    <ClInclude Include="..\..\pm_shared\pm_movevars.h">
      <Filter>Sources\PM_Shared</Filter>
    </ClInclude>
    <ClInclude Include="..\..\pm_shared\pm_shared.h">
      <Filter>Sources\PM_Shared</Filter>
    </ClInclude>
    <ClInclude Include="..\..\dlls\AI\Activity.h">
      <Filter>Sources\AI</Filter>
    </ClInclude>
    <ClInclude Include="..\..\dlls\AI\ActivityMap.h">
      <Filter>Sources\AI</Filter>
    </ClInclude>
    <ClInclude Include="..\..\dlls\AI\BaseMonster.h">
      <Filter>Sources\AI</Filter>
    </ClInclude>
    <ClInclude Include="..\..\dlls\AI\DefaultAI.h">
      <Filter>Sources\AI</Filter>
    </ClInclude>
    <ClInclude Include="..\..\dlls\AI\FlyingMonster.h">
      <Filter>Sources\AI</Filter>
    </ClInclude>
    <ClInclude Include="..\..\dlls\AI\MonsterEvent.h">
      <Filter>Sources\AI</Filter>
    </ClInclude>
    <ClInclude Include="..\..\dlls\AI\Monsters.h">
      <Filter>Sources\AI</Filter>
    </ClInclude>
    <ClInclude Include="..\..\dlls\AI\Schedule.h">
      <Filter>Sources\AI</Filter>
    </ClInclude>
    <ClInclude Include="..\..\dlls\AI\Scripted.h">
      <Filter>Sources\AI</Filter>
    </ClInclude>
    <ClInclude Include="..\..\dlls\AI\ScriptEvent.h">
      <Filter>Sources\AI</Filter>
    </ClInclude>
    <ClInclude Include="..\..\dlls\AI\SquadMonster.h">
      <Filter>Sources\AI</Filter>
    </ClInclude>
    <ClInclude Include="..\..\dlls\AI\TalkMonster.h">
      <Filter>Sources\AI</Filter>
    </ClInclude>
    <ClInclude Include="..\..\dlls\AI\Hornet.h">
      <Filter>Sources\AI\Monsters</Filter>
    </ClInclude>
    <ClInclude Include="..\..\dlls\Base\Animation.h">
      <Filter>Sources\Base</Filter>
    </ClInclude>
    <ClInclude Include="..\..\dlls\Base\CBase.h">
      <Filter>Sources\Base</Filter>
    </ClInclude>
    <ClInclude Include="..\..\dlls\Base\CDLL_DLL.h">
      <Filter>Sources\Base</Filter>
    </ClInclude>
    <ClInclude Include="..\..\dlls\Base\EngineCallback.h">
      <Filter>Sources\Base</Filter>
    </ClInclude>
    <ClInclude Include="..\..\dlls\Base\ExtDLL.h">
      <Filter>Sources\Base</Filter>
    </ClInclude>
    <ClInclude Include="..\..\dlls\Base\SaveRestore.h">
      <Filter>Sources\Base</Filter>
    </ClInclude>
    <ClInclude Include="..\..\dlls\Weapons\Weapons.h">
      <Filter>Sources\Weapons</Filter>
    </ClInclude>
    <ClInclude Include="..\..\dlls\Game\GamerulesTeamplay.h">
      <Filter>Sources\Game</Filter>
    </ClInclude>
    <ClInclude Include="..\..\dlls\Game\GameRules.h">
      <Filter>Sources\Game</Filter>
    </ClInclude>
    <ClInclude Include="..\..\dlls\Game\Client.h">
      <Filter>Sources\Game</Filter>
    </ClInclude>
    <ClInclude Include="..\..\dlls\Game\Game.h">
      <Filter>Sources\Game</Filter>
    </ClInclude>
    <ClInclude Include="..\..\dlls\Items\Items.h">
      <Filter>Sources\Items</Filter>
    </ClInclude>
    <ClInclude Include="..\..\dlls\Decals.h">
      <Filter>Sources</Filter>
    </ClInclude>
    <ClInclude Include="..\..\dlls\Nodes.h">
      <Filter>Sources</Filter>
    </ClInclude>
    <ClInclude Include="..\..\dlls\Plane.h">
      <Filter>Sources</Filter>
    </ClInclude>
    <ClInclude Include="..\..\dlls\Player.h">
      <Filter>Sources</Filter>
    </ClInclude>
    <ClInclude Include="..\..\dlls\Skill.h">
      <Filter>Sources</Filter>
    </ClInclude>
    <ClInclude Include="..\..\dlls\SoundEnt.h">
      <Filter>Sources</Filter>
    </ClInclude>
    <ClInclude Include="..\..\dlls\Spectator.h">
      <Filter>Sources</Filter>
    </ClInclude>
    <ClInclude Include="..\..\dlls\Util.h">
      <Filter>Sources</Filter>
    </ClInclude>
    <ClInclude Include="..\..\dlls\ADM\AdmEffects.h">
      <Filter>Sources\ADM</Filter>
    </ClInclude>
    <ClInclude Include="..\..\dlls\Func\CBreakable.h">
      <Filter>Sources\Func</Filter>
    </ClInclude>
    <ClInclude Include="..\..\dlls\Func\CFuncConveyor.h">
      <Filter>Sources\Func</Filter>
    </ClInclude>
    <ClInclude Include="..\..\dlls\Func\CFuncIllusionary.h">
      <Filter>Sources\Func</Filter>
    </ClInclude>
    <ClInclude Include="..\..\dlls\Func\CFuncMonsterClip.h">
      <Filter>Sources\Func</Filter>
    </ClInclude>
    <ClInclude Include="..\..\dlls\Func\CFuncRotating.h">
      <Filter>Sources\Func</Filter>
    </ClInclude>
    <ClInclude Include="..\..\dlls\Func\CFuncWall.h">
      <Filter>Sources\Func</Filter>
    </ClInclude>
    <ClInclude Include="..\..\dlls\Func\CFuncWallToggle.h">
      <Filter>Sources\Func</Filter>
    </ClInclude>
    <ClInclude Include="..\..\dlls\Func\CPendulum.h">
      <Filter>Sources\Func</Filter>
    </ClInclude>
    <ClInclude Include="..\..\dlls\Func\CPushable.h">
      <Filter>Sources\Func</Filter>
    </ClInclude>
    <ClInclude Include="..\..\dlls\Func\CBaseDoor.h">
      <Filter>Sources\Func</Filter>
    </ClInclude>
    <ClInclude Include="..\..\dlls\Func\CMomentaryDoor.h">
      <Filter>Sources\Func</Filter>
    </ClInclude>
    <ClInclude Include="..\..\dlls\Func\CRotDoor.h">
      <Filter>Sources\Func</Filter>
    </ClInclude>
    <ClInclude Include="..\..\dlls\Func\CMortar.h">
      <Filter>Sources\Func</Filter>
    </ClInclude>
    <ClInclude Include="..\..\dlls\Func\CFuncMortarField.h">
      <Filter>Sources\Func</Filter>
    </ClInclude>
    <ClInclude Include="..\..\dlls\Func\CFuncTank.h">
      <Filter>Sources\Func</Filter>
    </ClInclude>
    <ClInclude Include="..\..\dlls\Func\CFuncTankControls.h">
      <Filter>Sources\Func</Filter>
    </ClInclude>
    <ClInclude Include="..\..\dlls\Func\CFuncTankGun.h">
      <Filter>Sources\Func</Filter>
    </ClInclude>
    <ClInclude Include="..\..\dlls\Func\CFuncTankLaser.h">
      <Filter>Sources\Func</Filter>
    </ClInclude>
    <ClInclude Include="..\..\dlls\Func\CFuncTankMortar.h">
      <Filter>Sources\Func</Filter>
    </ClInclude>
    <ClInclude Include="..\..\dlls\Func\CFuncTankRocket.h">
      <Filter>Sources\Func</Filter>
    </ClInclude>
    <ClInclude Include="..\..\dlls\Func\CBaseButton.h">
      <Filter>Sources\Func</Filter>
    </ClInclude>
    <ClInclude Include="..\..\dlls\Func\CFrictionModifier.h">
      <Filter>Sources\Func</Filter>
    </ClInclude>
    <ClInclude Include="..\..\dlls\Func\CFuncLadder.h">
      <Filter>Sources\Func</Filter>
    </ClInclude>
    <ClInclude Include="..\..\dlls\Func\CFuncPlat.h">
      <Filter>Sources\Func</Filter>
    </ClInclude>
    <ClInclude Include="..\..\dlls\Func\CFuncPlatRot.h">
      <Filter>Sources\Func</Filter>
    </ClInclude>
    <ClInclude Include="..\..\dlls\Func\CFuncTrackAuto.h">
      <Filter>Sources\Func</Filter>
    </ClInclude>
    <ClInclude Include="..\..\dlls\Func\CFuncTrackChange.h">
      <Filter>Sources\Func</Filter>
    </ClInclude>
    <ClInclude Include="..\..\dlls\Func\CFuncTrackTrain.h">
      <Filter>Sources\Func</Filter>
    </ClInclude>
    <ClInclude Include="..\..\dlls\Func\CFuncTrain.h">
      <Filter>Sources\Func</Filter>
    </ClInclude>
    <ClInclude Include="..\..\dlls\Func\CFuncTrainControls.h">
      <Filter>Sources\Func</Filter>
    </ClInclude>
    <ClInclude Include="..\..\dlls\Func\CGunTarget.h">
      <Filter>Sources\Func</Filter>
    </ClInclude>
    <ClInclude Include="..\..\dlls\Func\CRotButton.h">
      <Filter>Sources\Func</Filter>
    </ClInclude>
    <ClInclude Include="..\..\dlls\Trigger\CBaseTrigger.h">
      <Filter>Sources\Trigger</Filter>
    </ClInclude>
    <ClInclude Include="..\..\dlls\Func\CBasePlatTrain.h">
      <Filter>Sources\Func</Filter>
    </ClInclude>
    <ClInclude Include="..\..\dlls\Path\CPathTrack.h">
      <Filter>Sources\Path</Filter>
    </ClInclude>
    <ClInclude Include="..\..\dlls\Path\CPathCorner.h">
      <Filter>Sources\Path</Filter>
    </ClInclude>
    <ClInclude Include="..\..\dlls\Func\CRecharge.h">
      <Filter>Sources\Func</Filter>
    </ClInclude>
    <ClInclude Include="..\..\dlls\Func\CWallHealth.h">
      <Filter>Sources\Func</Filter>
    </ClInclude>
    <ClInclude Include="..\..\dlls\ADM\Func\CFuncLag.h">
      <Filter>Sources\ADM\Func</Filter>
    </ClInclude>
    <ClInclude Include="..\..\dlls\ADM\Func\CFuncLoadbar.h">
      <Filter>Sources\ADM\Func</Filter>
    </ClInclude>
    <ClInclude Include="..\..\dlls\ADM\Func\CFuncNovis.h">
      <Filter>Sources\ADM\Func</Filter>
    </ClInclude>
    <ClInclude Include="..\..\dlls\Audio\CAmbientGeneric.h">
      <Filter>Sources\Audio</Filter>
    </ClInclude>
    <ClInclude Include="..\..\dlls\Env\CEnvSound.h">
      <Filter>Sources\Env</Filter>
    </ClInclude>
    <ClInclude Include="..\..\dlls\Audio\CSpeaker.h">
      <Filter>Sources\Audio</Filter>
    </ClInclude>
    <ClInclude Include="..\..\dlls\Env\CBeam.h">
      <Filter>Sources\Env</Filter>
    </ClInclude>
    <ClInclude Include="..\..\dlls\Env\CBlood.h">
      <Filter>Sources\Env</Filter>
    </ClInclude>
    <ClInclude Include="..\..\dlls\Env\CBubbling.h">
      <Filter>Sources\Env</Filter>
    </ClInclude>
    <ClInclude Include="..\..\dlls\Env\CEnvBeverage.h">
      <Filter>Sources\Env</Filter>
    </ClInclude>
    <ClInclude Include="..\..\dlls\Env\CEnvFunnel.h">
      <Filter>Sources\Env</Filter>
    </ClInclude>
    <ClInclude Include="..\..\dlls\Env\CEnvShooter.h">
      <Filter>Sources\Env</Filter>
    </ClInclude>
    <ClInclude Include="..\..\dlls\Env\CFade.h">
      <Filter>Sources\Env</Filter>
    </ClInclude>
    <ClInclude Include="..\..\dlls\Env\CGibShooter.h">
      <Filter>Sources\Env</Filter>
    </ClInclude>
    <ClInclude Include="..\..\dlls\Env\CGlow.h">
      <Filter>Sources\Env</Filter>
    </ClInclude>
    <ClInclude Include="..\..\dlls\Env\CLaser.h">
      <Filter>Sources\Env</Filter>
    </ClInclude>
    <ClInclude Include="..\..\dlls\Env\CLightning.h">
      <Filter>Sources\Env</Filter>
    </ClInclude>
    <ClInclude Include="..\..\dlls\Env\CMessage.h">
      <Filter>Sources\Env</Filter>
    </ClInclude>
    <ClInclude Include="..\..\dlls\Env\CShake.h">
      <Filter>Sources\Env</Filter>
    </ClInclude>
    <ClInclude Include="..\..\dlls\Env\CSmoker.h">
      <Filter>Sources\Env</Filter>
    </ClInclude>
    <ClInclude Include="..\..\dlls\Env\CSprite.h">
      <Filter>Sources\Env</Filter>
    </ClInclude>
    <ClInclude Include="..\..\dlls\Env\CTestEffect.h">
      <Filter>Sources\Env</Filter>
    </ClInclude>
    <ClInclude Include="..\..\dlls\Env\CFadeDefines.h">
      <Filter>Sources\Env</Filter>
    </ClInclude>
    <ClInclude Include="..\..\dlls\Items\CItemSoda.h">
      <Filter>Sources\Items</Filter>
    </ClInclude>
    <ClInclude Include="..\..\dlls\Env\CEnvExplosion.h">
      <Filter>Sources\Env</Filter>
    </ClInclude>
    <ClInclude Include="..\..\dlls\Env\CShower.h">
      <Filter>Sources\Env</Filter>
    </ClInclude>
    <ClInclude Include="..\..\shared\ADM\AdmControl.h">
      <Filter>Shared\ADM</Filter>
    </ClInclude>
    <ClInclude Include="..\..\shared\ADM\AdmSound.h">
      <Filter>Shared\ADM</Filter>
    </ClInclude>
    <ClInclude Include="..\..\shared\ADM\AdmSoundList.h">
      <Filter>Shared\ADM</Filter>
    </ClInclude>
    <ClInclude Include="..\..\shared\ADM\AdmTime.h">
      <Filter>Shared\ADM</Filter>
    </ClInclude>
    <ClInclude Include="..\..\shared\ADM\DelayLoad.h">
      <Filter>Shared\ADM</Filter>
    </ClInclude>
    <ClInclude Include="..\..\shared\ADM\VersionInfo.h">
      <Filter>Shared\ADM</Filter>
    </ClInclude>
    <ClInclude Include="..\..\shared\ADM\Physics\IPhysBody.h">
      <Filter>Shared\ADM\Physics</Filter>
    </ClInclude>
    <ClInclude Include="..\..\dlls\ADM\Util\UtilServerCommand.h">
      <Filter>Sources\ADM\Util</Filter>
    </ClInclude>
    <ClInclude Include="..\..\shared\ADM\Physics\PhysicsWorld.h">
      <Filter>Shared\ADM\Physics</Filter>
    </ClInclude>
    <ClInclude Include="..\..\shared\ADM\Physics\PhysBody_Plane.h">
      <Filter>Shared\ADM\Physics</Filter>
    </ClInclude>
    <ClInclude Include="..\..\shared\ADM\Physics\PhysBody_MeshConvex.h">
      <Filter>Shared\ADM\Physics</Filter>
    </ClInclude>
    <ClInclude Include="..\..\shared\ADM\Physics\PhysBody_MeshConcave.h">
      <Filter>Shared\ADM\Physics</Filter>
    </ClInclude>
    <ClInclude Include="..\..\shared\ADM\Physics\PhysBody_Box.h">
      <Filter>Shared\ADM\Physics</Filter>
    </ClInclude>
    <ClInclude Include="..\..\shared\ADM\Physics\PhysBody.h">
      <Filter>Shared\ADM\Physics</Filter>
    </ClInclude>
    <ClInclude Include="..\..\shared\ADM\Physics\BulletPhysics.h">
      <Filter>Shared\ADM\Physics</Filter>
    </ClInclude>
    <ClInclude Include="..\..\dlls\ADM\Physics\PhysManager.h">
      <Filter>Sources\ADM\Physics</Filter>
    </ClInclude>
    <ClInclude Include="..\..\dlls\ADM\Physics\PhysBox.h">
      <Filter>Sources\ADM\Physics</Filter>
    </ClInclude>
    <ClInclude Include="..\..\dlls\Misc\World.h">
      <Filter>Sources\Misc</Filter>
    </ClInclude>
    <ClInclude Include="..\..\dlls\ADM\Env\EnvSky2D.h">
      <Filter>Sources\ADM\Env</Filter>
    </ClInclude>
    <ClInclude Include="..\..\dlls\ADM\Audio\AudioSound2D.h">
      <Filter>Sources\ADM\Audio</Filter>
    </ClInclude>
    <ClInclude Include="..\..\dlls\ADM\Audio\AudioSound3D.h">
      <Filter>Sources\ADM\Audio</Filter>
    </ClInclude>
    <ClInclude Include="..\..\dlls\ADM\Audio\AudioMusic.h">
      <Filter>Sources\ADM\Audio</Filter>
    </ClInclude>
    <ClInclude Include="..\..\dlls\ADM\Audio\AudioShared.h">
      <Filter>Sources\ADM\Audio</Filter>
    </ClInclude>
    <ClInclude Include="..\..\common\beamdef.h">
      <Filter>Sources\Common</Filter>
    </ClInclude>
    <ClInclude Include="..\..\common\cl_entity.h">
      <Filter>Sources\Common</Filter>
    </ClInclude>
    <ClInclude Include="..\..\common\com_model.h">
      <Filter>Sources\Common</Filter>
    </ClInclude>
    <ClInclude Include="..\..\common\con_nprint.h">
      <Filter>Sources\Common</Filter>
    </ClInclude>
    <ClInclude Include="..\..\common\const.h">
      <Filter>Sources\Common</Filter>
    </ClInclude>
    <ClInclude Include="..\..\common\crc.h">
      <Filter>Sources\Common</Filter>
    </ClInclude>
    <ClInclude Include="..\..\common\cvardef.h">
      <Filter>Sources\Common</Filter>
    </ClInclude>
    <ClInclude Include="..\..\common\demo_api.h">
      <Filter>Sources\Common</Filter>
    </ClInclude>
    <ClInclude Include="..\..\common\director_cmds.h">
      <Filter>Sources\Common</Filter>
    </ClInclude>
    <ClInclude Include="..\..\common\dlight.h">
      <Filter>Sources\Common</Filter>
    </ClInclude>
    <ClInclude Include="..\..\common\dll_state.h">
      <Filter>Sources\Common</Filter>
    </ClInclude>
    <ClInclude Include="..\..\common\entity_state.h">
      <Filter>Sources\Common</Filter>
    </ClInclude>
    <ClInclude Include="..\..\common\entity_types.h">
      <Filter>Sources\Common</Filter>
    </ClInclude>
    <ClInclude Include="..\..\common\enums.h">
      <Filter>Sources\Common</Filter>
    </ClInclude>
    <ClInclude Include="..\..\common\event_api.h">
      <Filter>Sources\Common</Filter>
    </ClInclude>
    <ClInclude Include="..\..\common\event_args.h">
      <Filter>Sources\Common</Filter>
    </ClInclude>
    <ClInclude Include="..\..\common\event_flags.h">
      <Filter>Sources\Common</Filter>
    </ClInclude>
    <ClInclude Include="..\..\common\hltv.h">
      <Filter>Sources\Common</Filter>
    </ClInclude>
    <ClInclude Include="..\..\common\in_buttons.h">
      <Filter>Sources\Common</Filter>
    </ClInclude>
    <ClInclude Include="..\..\common\interface.h">
      <Filter>Sources\Common</Filter>
    </ClInclude>
    <ClInclude Include="..\..\common\ivoicetweak.h">
      <Filter>Sources\Common</Filter>
    </ClInclude>
    <ClInclude Include="..\..\common\mathlib.h">
      <Filter>Sources\Common</Filter>
    </ClInclude>
    <ClInclude Include="..\..\common\net_api.h">
      <Filter>Sources\Common</Filter>
    </ClInclude>
    <ClInclude Include="..\..\common\netadr.h">
      <Filter>Sources\Common</Filter>
    </ClInclude>
    <ClInclude Include="..\..\common\nowin.h">
      <Filter>Sources\Common</Filter>
    </ClInclude>
    <ClInclude Include="..\..\common\parsemsg.h">
      <Filter>Sources\Common</Filter>
    </ClInclude>
    <ClInclude Include="..\..\common\particledef.h">
      <Filter>Sources\Common</Filter>
    </ClInclude>
    <ClInclude Include="..\..\common\pmtrace.h">
      <Filter>Sources\Common</Filter>
    </ClInclude>
    <ClInclude Include="..\..\common\port.h">
      <Filter>Sources\Common</Filter>
    </ClInclude>
    <ClInclude Include="..\..\common\qfont.h">
      <Filter>Sources\Common</Filter>
    </ClInclude>
    <ClInclude Include="..\..\common\r_efx.h">
      <Filter>Sources\Common</Filter>
    </ClInclude>
    <ClInclude Include="..\..\common\r_studioint.h">
      <Filter>Sources\Common</Filter>
    </ClInclude>
    <ClInclude Include="..\..\common\ref_params.h">
      <Filter>Sources\Common</Filter>
    </ClInclude>
    <ClInclude Include="..\..\common\screenfade.h">
      <Filter>Sources\Common</Filter>
    </ClInclude>
    <ClInclude Include="..\..\common\Sequence.h">
      <Filter>Sources\Common</Filter>
    </ClInclude>
    <ClInclude Include="..\..\common\studio_event.h">
      <Filter>Sources\Common</Filter>
    </ClInclude>
    <ClInclude Include="..\..\common\triangleapi.h">
      <Filter>Sources\Common</Filter>
    </ClInclude>
    <ClInclude Include="..\..\common\usercmd.h">
      <Filter>Sources\Common</Filter>
    </ClInclude>
    <ClInclude Include="..\..\common\weaponinfo.h">
      <Filter>Sources\Common</Filter>
    </ClInclude>
    <ClInclude Include="..\..\common\winsani_in.h">
      <Filter>Sources\Common</Filter>
    </ClInclude>
    <ClInclude Include="..\..\common\winsani_out.h">
      <Filter>Sources\Common</Filter>
    </ClInclude>
    <ClInclude Include="..\..\shared\Maths\Vector.h">
      <Filter>Shared\Maths</Filter>
    </ClInclude>
  </ItemGroup>
  <ItemGroup>
    <None Include="..\..\fgd\adm.fgd">
      <Filter>FGDs</Filter>
    </None>
  </ItemGroup>
</Project>